{
  "version": 4,
  "terraform_version": "1.4.4",
  "serial": 39,
  "lineage": "7075e509-f82c-2582-267b-bf87c880bcdf",
  "outputs": {},
  "resources": [
    {
      "module": "module.app1_ec2",
      "mode": "managed",
      "type": "aws_instance",
      "name": "web",
      "provider": "module.app1_ec2.provider[\"registry.terraform.io/hashicorp/aws\"]",
      "instances": [
        {
          "schema_version": 1,
          "attributes": {
            "ami": "ami-0fa1de1d60de6a97e",
            "arn": "arn:aws:ec2:us-east-1:265915233350:instance/i-0b512a3acab83b596",
            "associate_public_ip_address": false,
            "availability_zone": "us-east-1f",
            "capacity_reservation_specification": [
              {
                "capacity_reservation_preference": "open",
                "capacity_reservation_target": []
              }
            ],
            "cpu_core_count": 1,
            "cpu_threads_per_core": 1,
            "credit_specification": [
              {
                "cpu_credits": "standard"
              }
            ],
            "disable_api_stop": false,
            "disable_api_termination": false,
            "ebs_block_device": [],
            "ebs_optimized": false,
            "enclave_options": [
              {
                "enabled": false
              }
            ],
            "ephemeral_block_device": [],
            "get_password_data": false,
            "hibernation": false,
            "host_id": "",
            "host_resource_group_arn": null,
            "iam_instance_profile": "",
            "id": "i-0b512a3acab83b596",
            "instance_initiated_shutdown_behavior": "stop",
            "instance_state": "running",
            "instance_type": "t2.micro",
            "ipv6_address_count": 0,
            "ipv6_addresses": [],
            "key_name": "app1-dev-keyname",
            "launch_template": [],
            "maintenance_options": [
              {
                "auto_recovery": "default"
              }
            ],
            "metadata_options": [
              {
                "http_endpoint": "enabled",
                "http_put_response_hop_limit": 1,
                "http_tokens": "optional",
                "instance_metadata_tags": "disabled"
              }
            ],
            "monitoring": false,
            "network_interface": [],
            "outpost_arn": "",
            "password_data": "",
            "placement_group": "",
            "placement_partition_number": 0,
            "primary_network_interface_id": "eni-0e385ea0ab2bea49c",
            "private_dns": "ip-192-167-10-26.ec2.internal",
            "private_dns_name_options": [
              {
                "enable_resource_name_dns_a_record": false,
                "enable_resource_name_dns_aaaa_record": false,
                "hostname_type": "ip-name"
              }
            ],
            "private_ip": "192.167.10.26",
            "public_dns": "",
            "public_ip": "",
            "root_block_device": [
              {
                "delete_on_termination": true,
                "device_name": "/dev/xvda",
                "encrypted": false,
                "iops": 100,
                "kms_key_id": "",
                "tags": {},
                "throughput": 0,
                "volume_id": "vol-0d81eb2e2aa5ceabb",
                "volume_size": 8,
                "volume_type": "gp2"
              }
            ],
            "secondary_private_ips": [],
            "security_groups": [],
            "source_dest_check": true,
            "subnet_id": "subnet-021acecfad8eb5747",
            "tags": {
              "Name": "app1-dev-servername"
            },
            "tags_all": {
              "Name": "app1-dev-servername"
            },
            "tenancy": "default",
            "timeouts": null,
            "user_data": null,
            "user_data_base64": null,
            "user_data_replace_on_change": false,
            "volume_tags": null,
            "vpc_security_group_ids": [
              "sg-04e7e88540a62f81f"
            ]
          },
          "sensitive_attributes": [],
          "private": "eyJlMmJmYjczMC1lY2FhLTExZTYtOGY4OC0zNDM2M2JjN2M0YzAiOnsiY3JlYXRlIjo2MDAwMDAwMDAwMDAsImRlbGV0ZSI6MTIwMDAwMDAwMDAwMCwidXBkYXRlIjo2MDAwMDAwMDAwMDB9LCJzY2hlbWFfdmVyc2lvbiI6IjEifQ==",
          "dependencies": [
            "module.app1_ec2.aws_key_pair.mykey",
            "module.app1_vpc.aws_security_group.mysg",
            "module.app1_vpc.aws_subnet.mysubnet",
            "module.app1_vpc.aws_vpc.myvpc"
          ]
        }
      ]
    },
    {
      "module": "module.app1_ec2",
      "mode": "managed",
      "type": "aws_key_pair",
      "name": "mykey",
      "provider": "module.app1_ec2.provider[\"registry.terraform.io/hashicorp/aws\"]",
      "instances": [
        {
          "schema_version": 1,
          "attributes": {
            "arn": "arn:aws:ec2:us-east-1:265915233350:key-pair/app1-dev-keyname",
            "fingerprint": "69:c8:91:69:b9:99:46:a9:99:76:d2:11:6c:7a:10:fa",
            "id": "app1-dev-keyname",
            "key_name": "app1-dev-keyname",
            "key_name_prefix": "",
            "key_pair_id": "key-01fe61e98b5fc5a2e",
            "key_type": "rsa",
            "public_key": "ssh-rsa AAAAB3NzaC1yc2EAAAADAQABAAABgQDNYyNCPRm8aBncqtTf+rrgKGsz7CuvghtF/MVe3s2Aa4oYQoWeYbpm519RW2P6woAx88R19zBQG12A3lQrIIE/nUpDkbL5JLCLfKRqgxu19/rU/CMdB13qEcXLvBOy/FcJHzEBHkiMLIKd5+iubzMNmlJkV1DM+0VwjDowYD4qXFUCG7ar1Lro5Gg1s4YXLUNLIKva292PLoVp+iHoTrnBnBIVJQ4fH305vrXH5hb+/IY216YzdMgPtF6JG+ptAHD4HDMqIXHKllm/XrH+TI05tpo49DfHTREV2QGe8Fs/RaMUYmdK+e/gEsp6kWxNXvIWepIGlPU5S08dzOk937GIlIJ1UKTXVL1SHKLZXz5qmbukheMKT0D+1bsV5cQB+TIiruVXmoIyRW9O3A3nFfIq8svoLyXFvVVuB2JHGLwY0phdnGEl71h0qL8Iig9n+S0+DEu4CI5lxbSs2EankYrd0JBgA05M6Kb4364nC8dANw57hiA6nIY7oO0W/wB07Wk= sola@divum.in",
            "tags": null,
            "tags_all": {}
          },
          "sensitive_attributes": [],
          "private": "eyJzY2hlbWFfdmVyc2lvbiI6IjEifQ=="
        }
      ]
    },
    {
      "module": "module.app1_s3",
      "mode": "managed",
      "type": "aws_s3_bucket",
      "name": "mys3bucket",
      "provider": "module.app1_s3.provider[\"registry.terraform.io/hashicorp/aws\"]",
      "instances": [
        {
          "schema_version": 0,
          "attributes": {
            "acceleration_status": "",
            "acl": null,
            "arn": "arn:aws:s3:::mycompapp1terramodule-dev",
            "bucket": "mycompapp1terramodule-dev",
            "bucket_domain_name": "mycompapp1terramodule-dev.s3.amazonaws.com",
            "bucket_prefix": "",
            "bucket_regional_domain_name": "mycompapp1terramodule-dev.s3.amazonaws.com",
            "cors_rule": [],
            "force_destroy": false,
            "grant": [
              {
                "id": "0bfa81d83bfdb36552106b3adb681f5aff880dcd6433905f91b7f82b933c0397",
                "permissions": [
                  "FULL_CONTROL"
                ],
                "type": "CanonicalUser",
                "uri": ""
              }
            ],
            "hosted_zone_id": "Z3AQBSTGFYJSTF",
            "id": "mycompapp1terramodule-dev",
            "lifecycle_rule": [],
            "logging": [],
            "object_lock_configuration": [],
            "object_lock_enabled": false,
            "policy": "",
            "region": "us-east-1",
            "replication_configuration": [],
            "request_payer": "BucketOwner",
            "server_side_encryption_configuration": [
              {
                "rule": [
                  {
                    "apply_server_side_encryption_by_default": [
                      {
                        "kms_master_key_id": "",
                        "sse_algorithm": "AES256"
                      }
                    ],
                    "bucket_key_enabled": false
                  }
                ]
              }
            ],
            "tags": {
              "Name": "mycompapp1terramodule-dev"
            },
            "tags_all": {
              "Name": "mycompapp1terramodule-dev"
            },
            "timeouts": null,
            "versioning": [
              {
                "enabled": false,
                "mfa_delete": false
              }
            ],
            "website": [],
            "website_domain": null,
            "website_endpoint": null
          },
          "sensitive_attributes": [],
          "private": "eyJlMmJmYjczMC1lY2FhLTExZTYtOGY4OC0zNDM2M2JjN2M0YzAiOnsiY3JlYXRlIjoxMjAwMDAwMDAwMDAwLCJkZWxldGUiOjM2MDAwMDAwMDAwMDAsInJlYWQiOjEyMDAwMDAwMDAwMDAsInVwZGF0ZSI6MTIwMDAwMDAwMDAwMH19"
        }
      ]
    },
    {
      "module": "module.app1_vpc",
      "mode": "managed",
      "type": "aws_internet_gateway",
      "name": "myigw",
      "provider": "module.app1_vpc.provider[\"registry.terraform.io/hashicorp/aws\"]",
      "instances": [
        {
          "schema_version": 0,
          "attributes": {
            "arn": "arn:aws:ec2:us-east-1:265915233350:internet-gateway/igw-0d63ca22cf94c89a7",
            "id": "igw-0d63ca22cf94c89a7",
            "owner_id": "265915233350",
            "tags": {
              "Name": "app1-dev-igw"
            },
            "tags_all": {
              "Name": "app1-dev-igw"
            },
            "timeouts": null,
            "vpc_id": "vpc-0deabf1ffe93c704b"
          },
          "sensitive_attributes": [],
          "private": "eyJlMmJmYjczMC1lY2FhLTExZTYtOGY4OC0zNDM2M2JjN2M0YzAiOnsiY3JlYXRlIjoxMjAwMDAwMDAwMDAwLCJkZWxldGUiOjEyMDAwMDAwMDAwMDAsInVwZGF0ZSI6MTIwMDAwMDAwMDAwMH19",
          "dependencies": [
            "module.app1_vpc.aws_vpc.myvpc"
          ]
        }
      ]
    },
    {
      "module": "module.app1_vpc",
      "mode": "managed",
      "type": "aws_route_table",
      "name": "myroute",
      "provider": "module.app1_vpc.provider[\"registry.terraform.io/hashicorp/aws\"]",
      "instances": [
        {
          "schema_version": 0,
          "attributes": {
            "arn": "arn:aws:ec2:us-east-1:265915233350:route-table/rtb-01db01d1ff1987b1f",
            "id": "rtb-01db01d1ff1987b1f",
            "owner_id": "265915233350",
            "propagating_vgws": [],
            "route": [
              {
                "carrier_gateway_id": "",
                "cidr_block": "0.0.0.0/0",
                "core_network_arn": "",
                "destination_prefix_list_id": "",
                "egress_only_gateway_id": "",
                "gateway_id": "igw-0d63ca22cf94c89a7",
                "instance_id": "",
                "ipv6_cidr_block": "",
                "local_gateway_id": "",
                "nat_gateway_id": "",
                "network_interface_id": "",
                "transit_gateway_id": "",
                "vpc_endpoint_id": "",
                "vpc_peering_connection_id": ""
              }
            ],
            "tags": {
              "Name": "app1-dev-route"
            },
            "tags_all": {
              "Name": "app1-dev-route"
            },
            "timeouts": null,
            "vpc_id": "vpc-0deabf1ffe93c704b"
          },
          "sensitive_attributes": [],
          "private": "eyJlMmJmYjczMC1lY2FhLTExZTYtOGY4OC0zNDM2M2JjN2M0YzAiOnsiY3JlYXRlIjozMDAwMDAwMDAwMDAsImRlbGV0ZSI6MzAwMDAwMDAwMDAwLCJ1cGRhdGUiOjEyMDAwMDAwMDAwMH19",
          "dependencies": [
            "module.app1_vpc.aws_internet_gateway.myigw",
            "module.app1_vpc.aws_vpc.myvpc"
          ]
        }
      ]
    },
    {
      "module": "module.app1_vpc",
      "mode": "managed",
      "type": "aws_route_table_association",
      "name": "myrouteassoc",
      "provider": "module.app1_vpc.provider[\"registry.terraform.io/hashicorp/aws\"]",
      "instances": [
        {
          "schema_version": 0,
          "attributes": {
            "gateway_id": "",
            "id": "rtbassoc-09453346c620ef0e1",
            "route_table_id": "rtb-01db01d1ff1987b1f",
            "subnet_id": "subnet-021acecfad8eb5747"
          },
          "sensitive_attributes": [],
          "private": "bnVsbA==",
          "dependencies": [
            "module.app1_vpc.aws_internet_gateway.myigw",
            "module.app1_vpc.aws_route_table.myroute",
            "module.app1_vpc.aws_subnet.mysubnet",
            "module.app1_vpc.aws_vpc.myvpc"
          ]
        }
      ]
    },
    {
      "module": "module.app1_vpc",
      "mode": "managed",
      "type": "aws_security_group",
      "name": "mysg",
      "provider": "module.app1_vpc.provider[\"registry.terraform.io/hashicorp/aws\"]",
      "instances": [
        {
          "schema_version": 1,
          "attributes": {
            "arn": "arn:aws:ec2:us-east-1:265915233350:security-group/sg-04e7e88540a62f81f",
            "description": "Allow TLS inbound traffic",
            "egress": [
              {
                "cidr_blocks": [
                  "0.0.0.0/0"
                ],
                "description": "",
                "from_port": 0,
                "ipv6_cidr_blocks": [],
                "prefix_list_ids": [],
                "protocol": "-1",
                "security_groups": [],
                "self": false,
                "to_port": 0
              }
            ],
            "id": "sg-04e7e88540a62f81f",
            "ingress": [
              {
                "cidr_blocks": [
                  "0.0.0.0/0"
                ],
                "description": "TLS from VPC",
                "from_port": 0,
                "ipv6_cidr_blocks": [],
                "prefix_list_ids": [],
                "protocol": "-1",
                "security_groups": [],
                "self": false,
                "to_port": 0
              }
            ],
            "name": "app1-dev-sg",
            "name_prefix": "",
            "owner_id": "265915233350",
            "revoke_rules_on_delete": false,
            "tags": {
              "Name": "app1-dev-sg"
            },
            "tags_all": {
              "Name": "app1-dev-sg"
            },
            "timeouts": null,
            "vpc_id": "vpc-0deabf1ffe93c704b"
          },
          "sensitive_attributes": [],
          "private": "eyJlMmJmYjczMC1lY2FhLTExZTYtOGY4OC0zNDM2M2JjN2M0YzAiOnsiY3JlYXRlIjo2MDAwMDAwMDAwMDAsImRlbGV0ZSI6OTAwMDAwMDAwMDAwfSwic2NoZW1hX3ZlcnNpb24iOiIxIn0=",
          "dependencies": [
            "module.app1_vpc.aws_vpc.myvpc"
          ]
        }
      ]
    },
    {
      "module": "module.app1_vpc",
      "mode": "managed",
      "type": "aws_subnet",
      "name": "mysubnet",
      "provider": "module.app1_vpc.provider[\"registry.terraform.io/hashicorp/aws\"]",
      "instances": [
        {
          "schema_version": 1,
          "attributes": {
            "arn": "arn:aws:ec2:us-east-1:265915233350:subnet/subnet-021acecfad8eb5747",
            "assign_ipv6_address_on_creation": false,
            "availability_zone": "us-east-1f",
            "availability_zone_id": "use1-az5",
            "cidr_block": "192.167.10.0/24",
            "customer_owned_ipv4_pool": "",
            "enable_dns64": false,
            "enable_resource_name_dns_a_record_on_launch": false,
            "enable_resource_name_dns_aaaa_record_on_launch": false,
            "id": "subnet-021acecfad8eb5747",
            "ipv6_cidr_block": "",
            "ipv6_cidr_block_association_id": "",
            "ipv6_native": false,
            "map_customer_owned_ip_on_launch": false,
            "map_public_ip_on_launch": false,
            "outpost_arn": "",
            "owner_id": "265915233350",
            "private_dns_hostname_type_on_launch": "ip-name",
            "tags": {
              "Name": "app1-dev-subnet"
            },
            "tags_all": {
              "Name": "app1-dev-subnet"
            },
            "timeouts": null,
            "vpc_id": "vpc-0deabf1ffe93c704b"
          },
          "sensitive_attributes": [],
          "private": "eyJlMmJmYjczMC1lY2FhLTExZTYtOGY4OC0zNDM2M2JjN2M0YzAiOnsiY3JlYXRlIjo2MDAwMDAwMDAwMDAsImRlbGV0ZSI6MTIwMDAwMDAwMDAwMH0sInNjaGVtYV92ZXJzaW9uIjoiMSJ9",
          "dependencies": [
            "module.app1_vpc.aws_vpc.myvpc"
          ]
        }
      ]
    },
    {
      "module": "module.app1_vpc",
      "mode": "managed",
      "type": "aws_vpc",
      "name": "myvpc",
      "provider": "module.app1_vpc.provider[\"registry.terraform.io/hashicorp/aws\"]",
      "instances": [
        {
          "schema_version": 1,
          "attributes": {
            "arn": "arn:aws:ec2:us-east-1:265915233350:vpc/vpc-0deabf1ffe93c704b",
            "assign_generated_ipv6_cidr_block": false,
            "cidr_block": "192.167.0.0/16",
            "default_network_acl_id": "acl-0245ac5a254b3fc22",
            "default_route_table_id": "rtb-0a85d396362cfa124",
            "default_security_group_id": "sg-00e38b523f2bcd78c",
            "dhcp_options_id": "dopt-04590a6010ca641a1",
            "enable_classiclink": false,
            "enable_classiclink_dns_support": false,
            "enable_dns_hostnames": false,
            "enable_dns_support": true,
            "enable_network_address_usage_metrics": false,
            "id": "vpc-0deabf1ffe93c704b",
            "instance_tenancy": "default",
            "ipv4_ipam_pool_id": null,
            "ipv4_netmask_length": null,
            "ipv6_association_id": "",
            "ipv6_cidr_block": "",
            "ipv6_cidr_block_network_border_group": "",
            "ipv6_ipam_pool_id": "",
            "ipv6_netmask_length": 0,
            "main_route_table_id": "rtb-0a85d396362cfa124",
            "owner_id": "265915233350",
            "tags": {
              "Name": "app1-dev-vpc"
            },
            "tags_all": {
              "Name": "app1-dev-vpc"
            }
          },
          "sensitive_attributes": [],
          "private": "eyJzY2hlbWFfdmVyc2lvbiI6IjEifQ=="
        }
      ]
    }
  ],
  "check_results": null
}
